{
  "version": 4,
  "terraform_version": "1.12.2",
  "serial": 4,
  "lineage": "2dbd6028-677d-45f5-041f-6ca22675edce",
  "outputs": {},
  "resources": [
    {
      "module": "module.compute_instances[\"0\"]",
      "mode": "managed",
      "type": "oci_core_instance",
      "name": "this",
      "provider": "provider[\"registry.terraform.io/hashicorp/oci\"]",
      "instances": [
        {
          "schema_version": 0,
          "attributes": {
            "agent_config": [
              {
                "are_all_plugins_disabled": false,
                "is_management_disabled": false,
                "is_monitoring_disabled": false,
                "plugins_config": []
              }
            ],
            "async": null,
            "availability_config": [
              {
                "is_live_migration_preferred": false,
                "recovery_action": "RESTORE_INSTANCE"
              }
            ],
            "availability_domain": "liOm:US-ASHBURN-AD-1",
            "boot_volume_id": "ocid1.bootvolume.oc1.iad.abuwcljrfx7sjmd6ykuxggmr73euuxo6tamsowskldhekqdjig6in3eslntq",
            "capacity_reservation_id": null,
            "cluster_placement_group_id": null,
            "compartment_id": "ocid1.compartment.oc1..aaaaaaaakgdpi5w6nqwqnkcnuzjbozuhpdwza53rboq7etkoeqn3osa6rxaq",
            "compute_cluster_id": null,
            "create_vnic_details": [
              {
                "assign_ipv6ip": false,
                "assign_private_dns_record": false,
                "assign_public_ip": "true",
                "defined_tags": {
                  "Oracle-Tags.CreatedBy": "default/vijay.bd.kumar@oracle.com",
                  "Oracle-Tags.CreatedOn": "2025-11-13T10:38:29.072Z",
                  "OracleInternalReserved.CostCenter": "107797"
                },
                "display_name": "app-server-1",
                "freeform_tags": {},
                "hostname_label": "app-server-1",
                "ipv6address_ipv6subnet_cidr_pair_details": [],
                "nsg_ids": [],
                "private_ip": "10.0.0.17",
                "security_attributes": {},
                "skip_source_dest_check": false,
                "subnet_cidr": "",
                "subnet_id": "ocid1.subnet.oc1.iad.aaaaaaaa4xmm6gsqq2kvebwpxwpmm7ayq6jnglpni73ob5avk5a6efiuxcta",
                "vlan_id": ""
              }
            ],
            "dedicated_vm_host_id": null,
            "defined_tags": {
              "Oracle-Tags.CreatedBy": "default/vijay.bd.kumar@oracle.com",
              "Oracle-Tags.CreatedOn": "2025-11-13T10:38:28.936Z",
              "OracleInternalReserved.CostCenter": "107797"
            },
            "display_name": "app-server-1",
            "extended_metadata": {},
            "fault_domain": "FAULT-DOMAIN-1",
            "freeform_tags": {},
            "hostname_label": "app-server-1",
            "id": "ocid1.instance.oc1.iad.anuwcljr5iwqoqacwlscnkjitghc2ufl7tyci3hq2lvcox6x6xbepxqyws6a",
            "image": "ocid1.image.oc1.iad.aaaaaaaamqgcmucphwjorcrv7fzruxihhffn7rhq35svwwstd66uxqmsbz3q",
            "instance_configuration_id": null,
            "instance_options": [
              {
                "are_legacy_imds_endpoints_disabled": false
              }
            ],
            "ipxe_script": null,
            "is_ai_enterprise_enabled": null,
            "is_cross_numa_node": false,
            "is_pv_encryption_in_transit_enabled": null,
            "launch_mode": "PARAVIRTUALIZED",
            "launch_options": [
              {
                "boot_volume_type": "PARAVIRTUALIZED",
                "firmware": "UEFI_64",
                "is_consistent_volume_naming_enabled": true,
                "is_pv_encryption_in_transit_enabled": false,
                "network_type": "PARAVIRTUALIZED",
                "remote_data_volume_type": "PARAVIRTUALIZED"
              }
            ],
            "launch_volume_attachments": null,
            "licensing_configs": [],
            "metadata": {
              "ssh_authorized_keys": "ssh-rsa AAAAB3NzaC1yc2EAAAADAQABAAABgQDGooH+UVirFR7ACVJ0QBx8Hkk9UZ8ELsUx5y67J3flvDYRXz5P+pxJvSUmrrC0fFJaq4HjGTPR4FSzI6SZW3FlMiNEknO45MrVbDmeaaIbfimZTFbd7spFxMwntyYOpj+0NuvbKCxRAVaEDjxAPfhtxjWzxlNPuIEQ4rteYX+Sd2Zy9dcaHIpkTsoldZD6MiJJQNJbfpOy/n0+pZSIc9gy1+cNpXyBueZavoFFcuRByFyaoBZdctP65wD8MuePQqFY0k9m2OF4yE2DVTl7EbiMTU+7XNLEHl8rK8MulNdw4E2mSj3k9cavctd+69PKOnVbgMzLWcIWXKrctTQoYeERit60PwSAP5rvwZn5rIlkR8JsKNcwEf8t7TLFntloPgCoCMIIkjXrMBKKpS+Gseg8q+4ukCjQU9qTjr/3mPCQa9fzWRgSJsF61eByIN3nHwgiV1/807alooELA3rfviysSFadeYLe4Z2+hIbGNMby+7cB6xmcFUB1gdaRIFRjRf8= desktopuser@sd-a4afbb05\n"
            },
            "placement_constraint_details": [],
            "platform_config": [],
            "preemptible_instance_config": [],
            "preserve_boot_volume": null,
            "preserve_data_volumes_created_at_launch": null,
            "private_ip": "10.0.0.17",
            "public_ip": "129.213.85.182",
            "region": "iad",
            "security_attributes": {},
            "security_attributes_state": "STABLE",
            "shape": "VM.Standard.E5.Flex",
            "shape_config": [
              {
                "baseline_ocpu_utilization": "",
                "gpu_description": "",
                "gpus": 0,
                "local_disk_description": "",
                "local_disks": 0,
                "local_disks_total_size_in_gbs": 0,
                "max_vnic_attachments": 2,
                "memory_in_gbs": 16,
                "networking_bandwidth_in_gbps": 2,
                "nvmes": 0,
                "ocpus": 2,
                "processor_description": "2.3 GHz AMD EPYC™ 9J14 (Genoa)",
                "resource_management": "",
                "vcpus": 4
              }
            ],
            "source_details": [
              {
                "boot_volume_size_in_gbs": "47",
                "boot_volume_vpus_per_gb": "10",
                "instance_source_image_filter_details": [],
                "is_preserve_boot_volume_enabled": false,
                "kms_key_id": "",
                "source_id": "ocid1.image.oc1.iad.aaaaaaaamqgcmucphwjorcrv7fzruxihhffn7rhq35svwwstd66uxqmsbz3q",
                "source_type": "image"
              }
            ],
            "state": "RUNNING",
            "subnet_id": "ocid1.subnet.oc1.iad.aaaaaaaa4xmm6gsqq2kvebwpxwpmm7ayq6jnglpni73ob5avk5a6efiuxcta",
            "system_tags": {},
            "time_created": "2025-11-13 10:38:29.473 +0000 UTC",
            "time_maintenance_reboot_due": "",
            "timeouts": null,
            "update_operation_constraint": null
          },
          "sensitive_attributes": [],
          "identity_schema_version": 0,
          "private": "eyJlMmJmYjczMC1lY2FhLTExZTYtOGY4OC0zNDM2M2JjN2M0YzAiOnsiY3JlYXRlIjoyNzAwMDAwMDAwMDAwLCJkZWxldGUiOjQ1MDAwMDAwMDAwMDAsInVwZGF0ZSI6MjcwMDAwMDAwMDAwMH19"
        }
      ]
    },
    {
      "module": "module.compute_instances[\"1\"]",
      "mode": "managed",
      "type": "oci_core_instance",
      "name": "this",
      "provider": "provider[\"registry.terraform.io/hashicorp/oci\"]",
      "instances": [
        {
          "schema_version": 0,
          "attributes": {
            "agent_config": [
              {
                "are_all_plugins_disabled": false,
                "is_management_disabled": false,
                "is_monitoring_disabled": false,
                "plugins_config": []
              }
            ],
            "async": null,
            "availability_config": [
              {
                "is_live_migration_preferred": false,
                "recovery_action": "RESTORE_INSTANCE"
              }
            ],
            "availability_domain": "liOm:US-ASHBURN-AD-2",
            "boot_volume_id": "ocid1.bootvolume.oc1.iad.abuwcljsd5jorjc7vf6xzifzpt3ep7uwf22kjlfsqksircbbscoh7dnseidq",
            "capacity_reservation_id": null,
            "cluster_placement_group_id": null,
            "compartment_id": "ocid1.compartment.oc1..aaaaaaaakgdpi5w6nqwqnkcnuzjbozuhpdwza53rboq7etkoeqn3osa6rxaq",
            "compute_cluster_id": null,
            "create_vnic_details": [
              {
                "assign_ipv6ip": false,
                "assign_private_dns_record": false,
                "assign_public_ip": "true",
                "defined_tags": {
                  "Oracle-Tags.CreatedBy": "default/vijay.bd.kumar@oracle.com",
                  "Oracle-Tags.CreatedOn": "2025-11-13T10:38:29.133Z",
                  "OracleInternalReserved.CostCenter": "107797"
                },
                "display_name": "app-server-2",
                "freeform_tags": {},
                "hostname_label": "app-server-2",
                "ipv6address_ipv6subnet_cidr_pair_details": [],
                "nsg_ids": [],
                "private_ip": "10.0.0.228",
                "security_attributes": {},
                "skip_source_dest_check": false,
                "subnet_cidr": "",
                "subnet_id": "ocid1.subnet.oc1.iad.aaaaaaaa4xmm6gsqq2kvebwpxwpmm7ayq6jnglpni73ob5avk5a6efiuxcta",
                "vlan_id": ""
              }
            ],
            "dedicated_vm_host_id": null,
            "defined_tags": {
              "Oracle-Tags.CreatedBy": "default/vijay.bd.kumar@oracle.com",
              "Oracle-Tags.CreatedOn": "2025-11-13T10:38:29.015Z",
              "OracleInternalReserved.CostCenter": "107797"
            },
            "display_name": "app-server-2",
            "extended_metadata": {},
            "fault_domain": "FAULT-DOMAIN-3",
            "freeform_tags": {},
            "hostname_label": "app-server-2",
            "id": "ocid1.instance.oc1.iad.anuwcljs5iwqoqaccsw5ddhemecvqxjwxz6oqfcuxw25zr345rez3g5wqhfq",
            "image": "ocid1.image.oc1.iad.aaaaaaaamqgcmucphwjorcrv7fzruxihhffn7rhq35svwwstd66uxqmsbz3q",
            "instance_configuration_id": null,
            "instance_options": [
              {
                "are_legacy_imds_endpoints_disabled": false
              }
            ],
            "ipxe_script": null,
            "is_ai_enterprise_enabled": null,
            "is_cross_numa_node": false,
            "is_pv_encryption_in_transit_enabled": null,
            "launch_mode": "PARAVIRTUALIZED",
            "launch_options": [
              {
                "boot_volume_type": "PARAVIRTUALIZED",
                "firmware": "UEFI_64",
                "is_consistent_volume_naming_enabled": true,
                "is_pv_encryption_in_transit_enabled": false,
                "network_type": "PARAVIRTUALIZED",
                "remote_data_volume_type": "PARAVIRTUALIZED"
              }
            ],
            "launch_volume_attachments": null,
            "licensing_configs": [],
            "metadata": {
              "ssh_authorized_keys": "ssh-rsa AAAAB3NzaC1yc2EAAAADAQABAAABgQDGooH+UVirFR7ACVJ0QBx8Hkk9UZ8ELsUx5y67J3flvDYRXz5P+pxJvSUmrrC0fFJaq4HjGTPR4FSzI6SZW3FlMiNEknO45MrVbDmeaaIbfimZTFbd7spFxMwntyYOpj+0NuvbKCxRAVaEDjxAPfhtxjWzxlNPuIEQ4rteYX+Sd2Zy9dcaHIpkTsoldZD6MiJJQNJbfpOy/n0+pZSIc9gy1+cNpXyBueZavoFFcuRByFyaoBZdctP65wD8MuePQqFY0k9m2OF4yE2DVTl7EbiMTU+7XNLEHl8rK8MulNdw4E2mSj3k9cavctd+69PKOnVbgMzLWcIWXKrctTQoYeERit60PwSAP5rvwZn5rIlkR8JsKNcwEf8t7TLFntloPgCoCMIIkjXrMBKKpS+Gseg8q+4ukCjQU9qTjr/3mPCQa9fzWRgSJsF61eByIN3nHwgiV1/807alooELA3rfviysSFadeYLe4Z2+hIbGNMby+7cB6xmcFUB1gdaRIFRjRf8= desktopuser@sd-a4afbb05\n"
            },
            "placement_constraint_details": [],
            "platform_config": [],
            "preemptible_instance_config": [],
            "preserve_boot_volume": null,
            "preserve_data_volumes_created_at_launch": null,
            "private_ip": "10.0.0.228",
            "public_ip": "132.145.202.57",
            "region": "iad",
            "security_attributes": {},
            "security_attributes_state": "STABLE",
            "shape": "VM.Standard.E5.Flex",
            "shape_config": [
              {
                "baseline_ocpu_utilization": "",
                "gpu_description": "",
                "gpus": 0,
                "local_disk_description": "",
                "local_disks": 0,
                "local_disks_total_size_in_gbs": 0,
                "max_vnic_attachments": 2,
                "memory_in_gbs": 16,
                "networking_bandwidth_in_gbps": 2,
                "nvmes": 0,
                "ocpus": 2,
                "processor_description": "2.3 GHz AMD EPYC™ 9J14 (Genoa)",
                "resource_management": "",
                "vcpus": 4
              }
            ],
            "source_details": [
              {
                "boot_volume_size_in_gbs": "47",
                "boot_volume_vpus_per_gb": "10",
                "instance_source_image_filter_details": [],
                "is_preserve_boot_volume_enabled": false,
                "kms_key_id": "",
                "source_id": "ocid1.image.oc1.iad.aaaaaaaamqgcmucphwjorcrv7fzruxihhffn7rhq35svwwstd66uxqmsbz3q",
                "source_type": "image"
              }
            ],
            "state": "RUNNING",
            "subnet_id": "ocid1.subnet.oc1.iad.aaaaaaaa4xmm6gsqq2kvebwpxwpmm7ayq6jnglpni73ob5avk5a6efiuxcta",
            "system_tags": {},
            "time_created": "2025-11-13 10:38:30.43 +0000 UTC",
            "time_maintenance_reboot_due": "",
            "timeouts": null,
            "update_operation_constraint": null
          },
          "sensitive_attributes": [],
          "identity_schema_version": 0,
          "private": "eyJlMmJmYjczMC1lY2FhLTExZTYtOGY4OC0zNDM2M2JjN2M0YzAiOnsiY3JlYXRlIjoyNzAwMDAwMDAwMDAwLCJkZWxldGUiOjQ1MDAwMDAwMDAwMDAsInVwZGF0ZSI6MjcwMDAwMDAwMDAwMH19"
        }
      ]
    },
    {
      "module": "module.compute_instances[\"2\"]",
      "mode": "managed",
      "type": "oci_core_instance",
      "name": "this",
      "provider": "provider[\"registry.terraform.io/hashicorp/oci\"]",
      "instances": [
        {
          "schema_version": 0,
          "attributes": {
            "agent_config": [
              {
                "are_all_plugins_disabled": false,
                "is_management_disabled": false,
                "is_monitoring_disabled": false,
                "plugins_config": []
              }
            ],
            "async": null,
            "availability_config": [
              {
                "is_live_migration_preferred": false,
                "recovery_action": "RESTORE_INSTANCE"
              }
            ],
            "availability_domain": "liOm:US-ASHBURN-AD-3",
            "boot_volume_id": "ocid1.bootvolume.oc1.iad.abuwcljto7se6enffok5ugmw75cvvszoxol24376drxf2zch4hnhcefz5dkq",
            "capacity_reservation_id": null,
            "cluster_placement_group_id": null,
            "compartment_id": "ocid1.compartment.oc1..aaaaaaaakgdpi5w6nqwqnkcnuzjbozuhpdwza53rboq7etkoeqn3osa6rxaq",
            "compute_cluster_id": null,
            "create_vnic_details": [
              {
                "assign_ipv6ip": false,
                "assign_private_dns_record": false,
                "assign_public_ip": "true",
                "defined_tags": {
                  "Oracle-Tags.CreatedBy": "default/vijay.bd.kumar@oracle.com",
                  "Oracle-Tags.CreatedOn": "2025-11-13T10:38:29.017Z",
                  "OracleInternalReserved.CostCenter": "107797"
                },
                "display_name": "app-server-3",
                "freeform_tags": {},
                "hostname_label": "app-server-3",
                "ipv6address_ipv6subnet_cidr_pair_details": [],
                "nsg_ids": [],
                "private_ip": "10.0.0.96",
                "security_attributes": {},
                "skip_source_dest_check": false,
                "subnet_cidr": "",
                "subnet_id": "ocid1.subnet.oc1.iad.aaaaaaaa4xmm6gsqq2kvebwpxwpmm7ayq6jnglpni73ob5avk5a6efiuxcta",
                "vlan_id": ""
              }
            ],
            "dedicated_vm_host_id": null,
            "defined_tags": {
              "Oracle-Tags.CreatedBy": "default/vijay.bd.kumar@oracle.com",
              "Oracle-Tags.CreatedOn": "2025-11-13T10:38:28.911Z",
              "OracleInternalReserved.CostCenter": "107797"
            },
            "display_name": "app-server-3",
            "extended_metadata": {},
            "fault_domain": "FAULT-DOMAIN-1",
            "freeform_tags": {},
            "hostname_label": "app-server-3",
            "id": "ocid1.instance.oc1.iad.anuwcljt5iwqoqac32j32ta3hbns6ezrgp4nvrnjjy4a6rbzi5f3axhh4vlq",
            "image": "ocid1.image.oc1.iad.aaaaaaaamqgcmucphwjorcrv7fzruxihhffn7rhq35svwwstd66uxqmsbz3q",
            "instance_configuration_id": null,
            "instance_options": [
              {
                "are_legacy_imds_endpoints_disabled": false
              }
            ],
            "ipxe_script": null,
            "is_ai_enterprise_enabled": null,
            "is_cross_numa_node": false,
            "is_pv_encryption_in_transit_enabled": null,
            "launch_mode": "PARAVIRTUALIZED",
            "launch_options": [
              {
                "boot_volume_type": "PARAVIRTUALIZED",
                "firmware": "UEFI_64",
                "is_consistent_volume_naming_enabled": true,
                "is_pv_encryption_in_transit_enabled": false,
                "network_type": "PARAVIRTUALIZED",
                "remote_data_volume_type": "PARAVIRTUALIZED"
              }
            ],
            "launch_volume_attachments": null,
            "licensing_configs": [],
            "metadata": {
              "ssh_authorized_keys": "ssh-rsa AAAAB3NzaC1yc2EAAAADAQABAAABgQDGooH+UVirFR7ACVJ0QBx8Hkk9UZ8ELsUx5y67J3flvDYRXz5P+pxJvSUmrrC0fFJaq4HjGTPR4FSzI6SZW3FlMiNEknO45MrVbDmeaaIbfimZTFbd7spFxMwntyYOpj+0NuvbKCxRAVaEDjxAPfhtxjWzxlNPuIEQ4rteYX+Sd2Zy9dcaHIpkTsoldZD6MiJJQNJbfpOy/n0+pZSIc9gy1+cNpXyBueZavoFFcuRByFyaoBZdctP65wD8MuePQqFY0k9m2OF4yE2DVTl7EbiMTU+7XNLEHl8rK8MulNdw4E2mSj3k9cavctd+69PKOnVbgMzLWcIWXKrctTQoYeERit60PwSAP5rvwZn5rIlkR8JsKNcwEf8t7TLFntloPgCoCMIIkjXrMBKKpS+Gseg8q+4ukCjQU9qTjr/3mPCQa9fzWRgSJsF61eByIN3nHwgiV1/807alooELA3rfviysSFadeYLe4Z2+hIbGNMby+7cB6xmcFUB1gdaRIFRjRf8= desktopuser@sd-a4afbb05\n"
            },
            "placement_constraint_details": [],
            "platform_config": [],
            "preemptible_instance_config": [],
            "preserve_boot_volume": null,
            "preserve_data_volumes_created_at_launch": null,
            "private_ip": "10.0.0.96",
            "public_ip": "129.153.147.108",
            "region": "iad",
            "security_attributes": {},
            "security_attributes_state": "STABLE",
            "shape": "VM.Standard.E5.Flex",
            "shape_config": [
              {
                "baseline_ocpu_utilization": "",
                "gpu_description": "",
                "gpus": 0,
                "local_disk_description": "",
                "local_disks": 0,
                "local_disks_total_size_in_gbs": 0,
                "max_vnic_attachments": 2,
                "memory_in_gbs": 16,
                "networking_bandwidth_in_gbps": 2,
                "nvmes": 0,
                "ocpus": 2,
                "processor_description": "2.3 GHz AMD EPYC™ 9J14 (Genoa)",
                "resource_management": "",
                "vcpus": 4
              }
            ],
            "source_details": [
              {
                "boot_volume_size_in_gbs": "47",
                "boot_volume_vpus_per_gb": "10",
                "instance_source_image_filter_details": [],
                "is_preserve_boot_volume_enabled": false,
                "kms_key_id": "",
                "source_id": "ocid1.image.oc1.iad.aaaaaaaamqgcmucphwjorcrv7fzruxihhffn7rhq35svwwstd66uxqmsbz3q",
                "source_type": "image"
              }
            ],
            "state": "RUNNING",
            "subnet_id": "ocid1.subnet.oc1.iad.aaaaaaaa4xmm6gsqq2kvebwpxwpmm7ayq6jnglpni73ob5avk5a6efiuxcta",
            "system_tags": {},
            "time_created": "2025-11-13 10:38:29.302 +0000 UTC",
            "time_maintenance_reboot_due": "",
            "timeouts": null,
            "update_operation_constraint": null
          },
          "sensitive_attributes": [],
          "identity_schema_version": 0,
          "private": "eyJlMmJmYjczMC1lY2FhLTExZTYtOGY4OC0zNDM2M2JjN2M0YzAiOnsiY3JlYXRlIjoyNzAwMDAwMDAwMDAwLCJkZWxldGUiOjQ1MDAwMDAwMDAwMDAsInVwZGF0ZSI6MjcwMDAwMDAwMDAwMH19"
        }
      ]
    }
  ],
  "check_results": null
}
